// !$*UTF8*$!
{
	archiveVersion = 1;
	classes = {
	};
	objectVersion = 56;
	objects = {

/* Begin PBXBuildFile section */
		D21633312B7C7F66002529D6 /* AppDelegate.swift in Sources */ = {isa = PBXBuildFile; fileRef = D21633302B7C7F66002529D6 /* AppDelegate.swift */; };
		D21633332B7C7F66002529D6 /* SceneDelegate.swift in Sources */ = {isa = PBXBuildFile; fileRef = D21633322B7C7F66002529D6 /* SceneDelegate.swift */; };
		D21633352B7C7F66002529D6 /* ViewController.swift in Sources */ = {isa = PBXBuildFile; fileRef = D21633342B7C7F66002529D6 /* ViewController.swift */; };
		D21633382B7C7F66002529D6 /* Main.storyboard in Resources */ = {isa = PBXBuildFile; fileRef = D21633362B7C7F66002529D6 /* Main.storyboard */; };
		D216333A2B7C7F68002529D6 /* Assets.xcassets in Resources */ = {isa = PBXBuildFile; fileRef = D21633392B7C7F68002529D6 /* Assets.xcassets */; };
		D216333D2B7C7F68002529D6 /* LaunchScreen.storyboard in Resources */ = {isa = PBXBuildFile; fileRef = D216333B2B7C7F68002529D6 /* LaunchScreen.storyboard */; };
		D21633492B7C8035002529D6 /* BaseView.swift in Sources */ = {isa = PBXBuildFile; fileRef = D21633482B7C8035002529D6 /* BaseView.swift */; };
		D216334B2B7C803F002529D6 /* BaseCustomViewController.swift in Sources */ = {isa = PBXBuildFile; fileRef = D216334A2B7C803F002529D6 /* BaseCustomViewController.swift */; };
		D216334D2B7C808E002529D6 /* HomeViewController.swift in Sources */ = {isa = PBXBuildFile; fileRef = D216334C2B7C808E002529D6 /* HomeViewController.swift */; };
		D216334F2B7C80B6002529D6 /* HomeView.swift in Sources */ = {isa = PBXBuildFile; fileRef = D216334E2B7C80B6002529D6 /* HomeView.swift */; };
		D21633522B7C8291002529D6 /* SnapKit in Frameworks */ = {isa = PBXBuildFile; productRef = D21633512B7C8291002529D6 /* SnapKit */; };
		D21633542B7CE220002529D6 /* AddTaskViewController.swift in Sources */ = {isa = PBXBuildFile; fileRef = D21633532B7CE220002529D6 /* AddTaskViewController.swift */; };
		D21633562B7CE718002529D6 /* AddTaskView.swift in Sources */ = {isa = PBXBuildFile; fileRef = D21633552B7CE718002529D6 /* AddTaskView.swift */; };
		D21633592B7CEC61002529D6 /* ReusableProtocol.swift in Sources */ = {isa = PBXBuildFile; fileRef = D21633582B7CEC61002529D6 /* ReusableProtocol.swift */; };
		D216335E2B7D0F29002529D6 /* DeadlineViewController.swift in Sources */ = {isa = PBXBuildFile; fileRef = D216335D2B7D0F29002529D6 /* DeadlineViewController.swift */; };
		D21633602B7D0F47002529D6 /* TagViewController.swift in Sources */ = {isa = PBXBuildFile; fileRef = D216335F2B7D0F47002529D6 /* TagViewController.swift */; };
		D21633622B7D0F5C002529D6 /* PriorityViewController.swift in Sources */ = {isa = PBXBuildFile; fileRef = D21633612B7D0F5C002529D6 /* PriorityViewController.swift */; };
		D21633642B7D1278002529D6 /* BaseViewController.swift in Sources */ = {isa = PBXBuildFile; fileRef = D21633632B7D1278002529D6 /* BaseViewController.swift */; };
		D2E26F122B7DF58B00CF1F4B /* MemoTableViewCell.swift in Sources */ = {isa = PBXBuildFile; fileRef = D2E26F112B7DF58B00CF1F4B /* MemoTableViewCell.swift */; };
		D2E26F142B7DF60C00CF1F4B /* ConfigureProtocol.swift in Sources */ = {isa = PBXBuildFile; fileRef = D2E26F132B7DF60C00CF1F4B /* ConfigureProtocol.swift */; };
/* End PBXBuildFile section */

/* Begin PBXFileReference section */
		D216332D2B7C7F66002529D6 /* Reminders.app */ = {isa = PBXFileReference; explicitFileType = wrapper.application; includeInIndex = 0; path = Reminders.app; sourceTree = BUILT_PRODUCTS_DIR; };
		D21633302B7C7F66002529D6 /* AppDelegate.swift */ = {isa = PBXFileReference; lastKnownFileType = sourcecode.swift; path = AppDelegate.swift; sourceTree = "<group>"; };
		D21633322B7C7F66002529D6 /* SceneDelegate.swift */ = {isa = PBXFileReference; lastKnownFileType = sourcecode.swift; path = SceneDelegate.swift; sourceTree = "<group>"; };
		D21633342B7C7F66002529D6 /* ViewController.swift */ = {isa = PBXFileReference; lastKnownFileType = sourcecode.swift; path = ViewController.swift; sourceTree = "<group>"; };
		D21633372B7C7F66002529D6 /* Base */ = {isa = PBXFileReference; lastKnownFileType = file.storyboard; name = Base; path = Base.lproj/Main.storyboard; sourceTree = "<group>"; };
		D21633392B7C7F68002529D6 /* Assets.xcassets */ = {isa = PBXFileReference; lastKnownFileType = folder.assetcatalog; path = Assets.xcassets; sourceTree = "<group>"; };
		D216333C2B7C7F68002529D6 /* Base */ = {isa = PBXFileReference; lastKnownFileType = file.storyboard; name = Base; path = Base.lproj/LaunchScreen.storyboard; sourceTree = "<group>"; };
		D216333E2B7C7F68002529D6 /* Info.plist */ = {isa = PBXFileReference; lastKnownFileType = text.plist.xml; path = Info.plist; sourceTree = "<group>"; };
		D21633482B7C8035002529D6 /* BaseView.swift */ = {isa = PBXFileReference; lastKnownFileType = sourcecode.swift; path = BaseView.swift; sourceTree = "<group>"; };
		D216334A2B7C803F002529D6 /* BaseCustomViewController.swift */ = {isa = PBXFileReference; lastKnownFileType = sourcecode.swift; path = BaseCustomViewController.swift; sourceTree = "<group>"; };
		D216334C2B7C808E002529D6 /* HomeViewController.swift */ = {isa = PBXFileReference; lastKnownFileType = sourcecode.swift; path = HomeViewController.swift; sourceTree = "<group>"; };
		D216334E2B7C80B6002529D6 /* HomeView.swift */ = {isa = PBXFileReference; lastKnownFileType = sourcecode.swift; path = HomeView.swift; sourceTree = "<group>"; };
		D21633532B7CE220002529D6 /* AddTaskViewController.swift */ = {isa = PBXFileReference; lastKnownFileType = sourcecode.swift; path = AddTaskViewController.swift; sourceTree = "<group>"; };
		D21633552B7CE718002529D6 /* AddTaskView.swift */ = {isa = PBXFileReference; lastKnownFileType = sourcecode.swift; path = AddTaskView.swift; sourceTree = "<group>"; };
		D21633582B7CEC61002529D6 /* ReusableProtocol.swift */ = {isa = PBXFileReference; lastKnownFileType = sourcecode.swift; path = ReusableProtocol.swift; sourceTree = "<group>"; };
		D216335D2B7D0F29002529D6 /* DeadlineViewController.swift */ = {isa = PBXFileReference; lastKnownFileType = sourcecode.swift; path = DeadlineViewController.swift; sourceTree = "<group>"; };
		D216335F2B7D0F47002529D6 /* TagViewController.swift */ = {isa = PBXFileReference; lastKnownFileType = sourcecode.swift; path = TagViewController.swift; sourceTree = "<group>"; };
		D21633612B7D0F5C002529D6 /* PriorityViewController.swift */ = {isa = PBXFileReference; lastKnownFileType = sourcecode.swift; path = PriorityViewController.swift; sourceTree = "<group>"; };
		D21633632B7D1278002529D6 /* BaseViewController.swift */ = {isa = PBXFileReference; lastKnownFileType = sourcecode.swift; path = BaseViewController.swift; sourceTree = "<group>"; };
		D2E26F112B7DF58B00CF1F4B /* MemoTableViewCell.swift */ = {isa = PBXFileReference; lastKnownFileType = sourcecode.swift; path = MemoTableViewCell.swift; sourceTree = "<group>"; };
		D2E26F132B7DF60C00CF1F4B /* ConfigureProtocol.swift */ = {isa = PBXFileReference; lastKnownFileType = sourcecode.swift; path = ConfigureProtocol.swift; sourceTree = "<group>"; };
/* End PBXFileReference section */

/* Begin PBXFrameworksBuildPhase section */
		D216332A2B7C7F66002529D6 /* Frameworks */ = {
			isa = PBXFrameworksBuildPhase;
			buildActionMask = 2147483647;
			files = (
				D21633522B7C8291002529D6 /* SnapKit in Frameworks */,
			);
			runOnlyForDeploymentPostprocessing = 0;
		};
/* End PBXFrameworksBuildPhase section */

/* Begin PBXGroup section */
		D21633242B7C7F66002529D6 = {
			isa = PBXGroup;
			children = (
				D216332F2B7C7F66002529D6 /* Reminders */,
				D216332E2B7C7F66002529D6 /* Products */,
			);
			sourceTree = "<group>";
		};
		D216332E2B7C7F66002529D6 /* Products */ = {
			isa = PBXGroup;
			children = (
				D216332D2B7C7F66002529D6 /* Reminders.app */,
			);
			name = Products;
			sourceTree = "<group>";
		};
		D216332F2B7C7F66002529D6 /* Reminders */ = {
			isa = PBXGroup;
			children = (
				D21633452B7C7FC7002529D6 /* Add */,
				D21633442B7C7FB6002529D6 /* Home */,
				D21633472B7C8009002529D6 /* Util */,
				D21633302B7C7F66002529D6 /* AppDelegate.swift */,
				D21633322B7C7F66002529D6 /* SceneDelegate.swift */,
				D21633342B7C7F66002529D6 /* ViewController.swift */,
				D21633362B7C7F66002529D6 /* Main.storyboard */,
				D21633392B7C7F68002529D6 /* Assets.xcassets */,
				D216333B2B7C7F68002529D6 /* LaunchScreen.storyboard */,
				D216333E2B7C7F68002529D6 /* Info.plist */,
			);
			path = Reminders;
			sourceTree = "<group>";
		};
		D21633442B7C7FB6002529D6 /* Home */ = {
			isa = PBXGroup;
			children = (
				D216334C2B7C808E002529D6 /* HomeViewController.swift */,
				D216334E2B7C80B6002529D6 /* HomeView.swift */,
			);
			path = Home;
			sourceTree = "<group>";
		};
		D21633452B7C7FC7002529D6 /* Add */ = {
			isa = PBXGroup;
			children = (
				D21633532B7CE220002529D6 /* AddTaskViewController.swift */,
				D21633552B7CE718002529D6 /* AddTaskView.swift */,
				D216335D2B7D0F29002529D6 /* DeadlineViewController.swift */,
				D216335F2B7D0F47002529D6 /* TagViewController.swift */,
				D21633612B7D0F5C002529D6 /* PriorityViewController.swift */,
				D2E26F112B7DF58B00CF1F4B /* MemoTableViewCell.swift */,
			);
			path = Add;
			sourceTree = "<group>";
		};
		D21633462B7C7FE1002529D6 /* Base */ = {
			isa = PBXGroup;
			children = (
				D21633482B7C8035002529D6 /* BaseView.swift */,
				D216334A2B7C803F002529D6 /* BaseCustomViewController.swift */,
				D21633632B7D1278002529D6 /* BaseViewController.swift */,
			);
			path = Base;
			sourceTree = "<group>";
		};
		D21633472B7C8009002529D6 /* Util */ = {
			isa = PBXGroup;
			children = (
				D21633572B7CEC52002529D6 /* Protocol */,
				D21633462B7C7FE1002529D6 /* Base */,
			);
			path = Util;
			sourceTree = "<group>";
		};
		D21633572B7CEC52002529D6 /* Protocol */ = {
			isa = PBXGroup;
			children = (
				D21633582B7CEC61002529D6 /* ReusableProtocol.swift */,
				D2E26F132B7DF60C00CF1F4B /* ConfigureProtocol.swift */,
			);
			path = Protocol;
			sourceTree = "<group>";
		};
/* End PBXGroup section */

/* Begin PBXNativeTarget section */
		D216332C2B7C7F66002529D6 /* Reminders */ = {
			isa = PBXNativeTarget;
			buildConfigurationList = D21633412B7C7F68002529D6 /* Build configuration list for PBXNativeTarget "Reminders" */;
			buildPhases = (
				D21633292B7C7F66002529D6 /* Sources */,
				D216332A2B7C7F66002529D6 /* Frameworks */,
				D216332B2B7C7F66002529D6 /* Resources */,
			);
			buildRules = (
			);
			dependencies = (
			);
			name = Reminders;
			packageProductDependencies = (
				D21633512B7C8291002529D6 /* SnapKit */,
			);
			productName = Reminders;
			productReference = D216332D2B7C7F66002529D6 /* Reminders.app */;
			productType = "com.apple.product-type.application";
		};
/* End PBXNativeTarget section */

/* Begin PBXProject section */
		D21633252B7C7F66002529D6 /* Project object */ = {
			isa = PBXProject;
			attributes = {
				BuildIndependentTargetsInParallel = 1;
				LastSwiftUpdateCheck = 1520;
				LastUpgradeCheck = 1520;
				TargetAttributes = {
					D216332C2B7C7F66002529D6 = {
						CreatedOnToolsVersion = 15.2;
					};
				};
			};
			buildConfigurationList = D21633282B7C7F66002529D6 /* Build configuration list for PBXProject "Reminders" */;
			compatibilityVersion = "Xcode 14.0";
			developmentRegion = en;
			hasScannedForEncodings = 0;
			knownRegions = (
				en,
				Base,
			);
			mainGroup = D21633242B7C7F66002529D6;
			packageReferences = (
				D21633502B7C8291002529D6 /* XCRemoteSwiftPackageReference "SnapKit" */,
			);
			productRefGroup = D216332E2B7C7F66002529D6 /* Products */;
			projectDirPath = "";
			projectRoot = "";
			targets = (
				D216332C2B7C7F66002529D6 /* Reminders */,
			);
		};
/* End PBXProject section */

/* Begin PBXResourcesBuildPhase section */
		D216332B2B7C7F66002529D6 /* Resources */ = {
			isa = PBXResourcesBuildPhase;
			buildActionMask = 2147483647;
			files = (
				D216333D2B7C7F68002529D6 /* LaunchScreen.storyboard in Resources */,
				D216333A2B7C7F68002529D6 /* Assets.xcassets in Resources */,
				D21633382B7C7F66002529D6 /* Main.storyboard in Resources */,
			);
			runOnlyForDeploymentPostprocessing = 0;
		};
/* End PBXResourcesBuildPhase section */

/* Begin PBXSourcesBuildPhase section */
		D21633292B7C7F66002529D6 /* Sources */ = {
			isa = PBXSourcesBuildPhase;
			buildActionMask = 2147483647;
			files = (
				D216334B2B7C803F002529D6 /* BaseCustomViewController.swift in Sources */,
				D21633542B7CE220002529D6 /* AddTaskViewController.swift in Sources */,
				D2E26F122B7DF58B00CF1F4B /* MemoTableViewCell.swift in Sources */,
				D21633592B7CEC61002529D6 /* ReusableProtocol.swift in Sources */,
				D21633602B7D0F47002529D6 /* TagViewController.swift in Sources */,
				D21633642B7D1278002529D6 /* BaseViewController.swift in Sources */,
				D216335E2B7D0F29002529D6 /* DeadlineViewController.swift in Sources */,
				D216334F2B7C80B6002529D6 /* HomeView.swift in Sources */,
				D21633562B7CE718002529D6 /* AddTaskView.swift in Sources */,
				D21633352B7C7F66002529D6 /* ViewController.swift in Sources */,
				D21633312B7C7F66002529D6 /* AppDelegate.swift in Sources */,
				D21633622B7D0F5C002529D6 /* PriorityViewController.swift in Sources */,
				D21633332B7C7F66002529D6 /* SceneDelegate.swift in Sources */,
				D2E26F142B7DF60C00CF1F4B /* ConfigureProtocol.swift in Sources */,
				D21633492B7C8035002529D6 /* BaseView.swift in Sources */,
				D216334D2B7C808E002529D6 /* HomeViewController.swift in Sources */,
			);
			runOnlyForDeploymentPostprocessing = 0;
		};
/* End PBXSourcesBuildPhase section */

/* Begin PBXVariantGroup section */
		D21633362B7C7F66002529D6 /* Main.storyboard */ = {
			isa = PBXVariantGroup;
			children = (
				D21633372B7C7F66002529D6 /* Base */,
			);
			name = Main.storyboard;
			sourceTree = "<group>";
		};
		D216333B2B7C7F68002529D6 /* LaunchScreen.storyboard */ = {
			isa = PBXVariantGroup;
			children = (
				D216333C2B7C7F68002529D6 /* Base */,
			);
			name = LaunchScreen.storyboard;
			sourceTree = "<group>";
		};
/* End PBXVariantGroup section */

/* Begin XCBuildConfiguration section */
		D216333F2B7C7F68002529D6 /* Debug */ = {
			isa = XCBuildConfiguration;
			buildSettings = {
				ALWAYS_SEARCH_USER_PATHS = NO;
				ASSETCATALOG_COMPILER_GENERATE_SWIFT_ASSET_SYMBOL_EXTENSIONS = YES;
				CLANG_ANALYZER_NONNULL = YES;
				CLANG_ANALYZER_NUMBER_OBJECT_CONVERSION = YES_AGGRESSIVE;
				CLANG_CXX_LANGUAGE_STANDARD = "gnu++20";
				CLANG_ENABLE_MODULES = YES;
				CLANG_ENABLE_OBJC_ARC = YES;
				CLANG_ENABLE_OBJC_WEAK = YES;
				CLANG_WARN_BLOCK_CAPTURE_AUTORELEASING = YES;
				CLANG_WARN_BOOL_CONVERSION = YES;
				CLANG_WARN_COMMA = YES;
				CLANG_WARN_CONSTANT_CONVERSION = YES;
				CLANG_WARN_DEPRECATED_OBJC_IMPLEMENTATIONS = YES;
				CLANG_WARN_DIRECT_OBJC_ISA_USAGE = YES_ERROR;
				CLANG_WARN_DOCUMENTATION_COMMENTS = YES;
				CLANG_WARN_EMPTY_BODY = YES;
				CLANG_WARN_ENUM_CONVERSION = YES;
				CLANG_WARN_INFINITE_RECURSION = YES;
				CLANG_WARN_INT_CONVERSION = YES;
				CLANG_WARN_NON_LITERAL_NULL_CONVERSION = YES;
				CLANG_WARN_OBJC_IMPLICIT_RETAIN_SELF = YES;
				CLANG_WARN_OBJC_LITERAL_CONVERSION = YES;
				CLANG_WARN_OBJC_ROOT_CLASS = YES_ERROR;
				CLANG_WARN_QUOTED_INCLUDE_IN_FRAMEWORK_HEADER = YES;
				CLANG_WARN_RANGE_LOOP_ANALYSIS = YES;
				CLANG_WARN_STRICT_PROTOTYPES = YES;
				CLANG_WARN_SUSPICIOUS_MOVE = YES;
				CLANG_WARN_UNGUARDED_AVAILABILITY = YES_AGGRESSIVE;
				CLANG_WARN_UNREACHABLE_CODE = YES;
				CLANG_WARN__DUPLICATE_METHOD_MATCH = YES;
				COPY_PHASE_STRIP = NO;
				DEBUG_INFORMATION_FORMAT = dwarf;
				ENABLE_STRICT_OBJC_MSGSEND = YES;
				ENABLE_TESTABILITY = YES;
				ENABLE_USER_SCRIPT_SANDBOXING = YES;
				GCC_C_LANGUAGE_STANDARD = gnu17;
				GCC_DYNAMIC_NO_PIC = NO;
				GCC_NO_COMMON_BLOCKS = YES;
				GCC_OPTIMIZATION_LEVEL = 0;
				GCC_PREPROCESSOR_DEFINITIONS = (
					"DEBUG=1",
					"$(inherited)",
				);
				GCC_WARN_64_TO_32_BIT_CONVERSION = YES;
				GCC_WARN_ABOUT_RETURN_TYPE = YES_ERROR;
				GCC_WARN_UNDECLARED_SELECTOR = YES;
				GCC_WARN_UNINITIALIZED_AUTOS = YES_AGGRESSIVE;
				GCC_WARN_UNUSED_FUNCTION = YES;
				GCC_WARN_UNUSED_VARIABLE = YES;
				IPHONEOS_DEPLOYMENT_TARGET = 17.2;
				LOCALIZATION_PREFERS_STRING_CATALOGS = YES;
				MTL_ENABLE_DEBUG_INFO = INCLUDE_SOURCE;
				MTL_FAST_MATH = YES;
				ONLY_ACTIVE_ARCH = YES;
				SDKROOT = iphoneos;
				SWIFT_ACTIVE_COMPILATION_CONDITIONS = "DEBUG $(inherited)";
				SWIFT_OPTIMIZATION_LEVEL = "-Onone";
			};
			name = Debug;
		};
		D21633402B7C7F68002529D6 /* Release */ = {
			isa = XCBuildConfiguration;
			buildSettings = {
				ALWAYS_SEARCH_USER_PATHS = NO;
				ASSETCATALOG_COMPILER_GENERATE_SWIFT_ASSET_SYMBOL_EXTENSIONS = YES;
				CLANG_ANALYZER_NONNULL = YES;
				CLANG_ANALYZER_NUMBER_OBJECT_CONVERSION = YES_AGGRESSIVE;
				CLANG_CXX_LANGUAGE_STANDARD = "gnu++20";
				CLANG_ENABLE_MODULES = YES;
				CLANG_ENABLE_OBJC_ARC = YES;
				CLANG_ENABLE_OBJC_WEAK = YES;
				CLANG_WARN_BLOCK_CAPTURE_AUTORELEASING = YES;
				CLANG_WARN_BOOL_CONVERSION = YES;
				CLANG_WARN_COMMA = YES;
				CLANG_WARN_CONSTANT_CONVERSION = YES;
				CLANG_WARN_DEPRECATED_OBJC_IMPLEMENTATIONS = YES;
				CLANG_WARN_DIRECT_OBJC_ISA_USAGE = YES_ERROR;
				CLANG_WARN_DOCUMENTATION_COMMENTS = YES;
				CLANG_WARN_EMPTY_BODY = YES;
				CLANG_WARN_ENUM_CONVERSION = YES;
				CLANG_WARN_INFINITE_RECURSION = YES;
				CLANG_WARN_INT_CONVERSION = YES;
				CLANG_WARN_NON_LITERAL_NULL_CONVERSION = YES;
				CLANG_WARN_OBJC_IMPLICIT_RETAIN_SELF = YES;
				CLANG_WARN_OBJC_LITERAL_CONVERSION = YES;
				CLANG_WARN_OBJC_ROOT_CLASS = YES_ERROR;
				CLANG_WARN_QUOTED_INCLUDE_IN_FRAMEWORK_HEADER = YES;
				CLANG_WARN_RANGE_LOOP_ANALYSIS = YES;
				CLANG_WARN_STRICT_PROTOTYPES = YES;
				CLANG_WARN_SUSPICIOUS_MOVE = YES;
				CLANG_WARN_UNGUARDED_AVAILABILITY = YES_AGGRESSIVE;
				CLANG_WARN_UNREACHABLE_CODE = YES;
				CLANG_WARN__DUPLICATE_METHOD_MATCH = YES;
				COPY_PHASE_STRIP = NO;
				DEBUG_INFORMATION_FORMAT = "dwarf-with-dsym";
				ENABLE_NS_ASSERTIONS = NO;
				ENABLE_STRICT_OBJC_MSGSEND = YES;
				ENABLE_USER_SCRIPT_SANDBOXING = YES;
				GCC_C_LANGUAGE_STANDARD = gnu17;
				GCC_NO_COMMON_BLOCKS = YES;
				GCC_WARN_64_TO_32_BIT_CONVERSION = YES;
				GCC_WARN_ABOUT_RETURN_TYPE = YES_ERROR;
				GCC_WARN_UNDECLARED_SELECTOR = YES;
				GCC_WARN_UNINITIALIZED_AUTOS = YES_AGGRESSIVE;
				GCC_WARN_UNUSED_FUNCTION = YES;
				GCC_WARN_UNUSED_VARIABLE = YES;
				IPHONEOS_DEPLOYMENT_TARGET = 17.2;
				LOCALIZATION_PREFERS_STRING_CATALOGS = YES;
				MTL_ENABLE_DEBUG_INFO = NO;
				MTL_FAST_MATH = YES;
				SDKROOT = iphoneos;
				SWIFT_COMPILATION_MODE = wholemodule;
				VALIDATE_PRODUCT = YES;
			};
			name = Release;
		};
		D21633422B7C7F68002529D6 /* Debug */ = {
			isa = XCBuildConfiguration;
			buildSettings = {
				ASSETCATALOG_COMPILER_APPICON_NAME = AppIcon;
				ASSETCATALOG_COMPILER_GLOBAL_ACCENT_COLOR_NAME = AccentColor;
				CODE_SIGN_STYLE = Automatic;
				CURRENT_PROJECT_VERSION = 1;
				DEVELOPMENT_TEAM = 7TH7TS2438;
				GENERATE_INFOPLIST_FILE = YES;
				INFOPLIST_FILE = Reminders/Info.plist;
				INFOPLIST_KEY_UIApplicationSupportsIndirectInputEvents = YES;
				INFOPLIST_KEY_UILaunchStoryboardName = LaunchScreen;
				INFOPLIST_KEY_UIMainStoryboardFile = Main;
				INFOPLIST_KEY_UISupportedInterfaceOrientations = UIInterfaceOrientationPortrait;
				INFOPLIST_KEY_UISupportedInterfaceOrientations_iPad = "UIInterfaceOrientationLandscapeLeft UIInterfaceOrientationLandscapeRight UIInterfaceOrientationPortrait UIInterfaceOrientationPortraitUpsideDown";
				LD_RUNPATH_SEARCH_PATHS = (
					"$(inherited)",
					"@executable_path/Frameworks",
				);
				MARKETING_VERSION = 1.0;
				PRODUCT_BUNDLE_IDENTIFIER = com.jaehee.Reminders;
				PRODUCT_NAME = "$(TARGET_NAME)";
				SUPPORTED_PLATFORMS = "iphoneos iphonesimulator";
				SUPPORTS_MACCATALYST = NO;
				SUPPORTS_MAC_DESIGNED_FOR_IPHONE_IPAD = NO;
				SUPPORTS_XR_DESIGNED_FOR_IPHONE_IPAD = NO;
				SWIFT_EMIT_LOC_STRINGS = YES;
				SWIFT_VERSION = 5.0;
				TARGETED_DEVICE_FAMILY = 1;
			};
			name = Debug;
		};
		D21633432B7C7F68002529D6 /* Release */ = {
			isa = XCBuildConfiguration;
			buildSettings = {
				ASSETCATALOG_COMPILER_APPICON_NAME = AppIcon;
				ASSETCATALOG_COMPILER_GLOBAL_ACCENT_COLOR_NAME = AccentColor;
				CODE_SIGN_STYLE = Automatic;
				CURRENT_PROJECT_VERSION = 1;
				DEVELOPMENT_TEAM = 7TH7TS2438;
				GENERATE_INFOPLIST_FILE = YES;
				INFOPLIST_FILE = Reminders/Info.plist;
				INFOPLIST_KEY_UIApplicationSupportsIndirectInputEvents = YES;
				INFOPLIST_KEY_UILaunchStoryboardName = LaunchScreen;
				INFOPLIST_KEY_UIMainStoryboardFile = Main;
				INFOPLIST_KEY_UISupportedInterfaceOrientations = UIInterfaceOrientationPortrait;
				INFOPLIST_KEY_UISupportedInterfaceOrientations_iPad = "UIInterfaceOrientationLandscapeLeft UIInterfaceOrientationLandscapeRight UIInterfaceOrientationPortrait UIInterfaceOrientationPortraitUpsideDown";
				LD_RUNPATH_SEARCH_PATHS = (
					"$(inherited)",
					"@executable_path/Frameworks",
				);
				MARKETING_VERSION = 1.0;
				PRODUCT_BUNDLE_IDENTIFIER = com.jaehee.Reminders;
				PRODUCT_NAME = "$(TARGET_NAME)";
				SUPPORTED_PLATFORMS = "iphoneos iphonesimulator";
				SUPPORTS_MACCATALYST = NO;
				SUPPORTS_MAC_DESIGNED_FOR_IPHONE_IPAD = NO;
				SUPPORTS_XR_DESIGNED_FOR_IPHONE_IPAD = NO;
				SWIFT_EMIT_LOC_STRINGS = YES;
				SWIFT_VERSION = 5.0;
				TARGETED_DEVICE_FAMILY = 1;
			};
			name = Release;
		};
/* End XCBuildConfiguration section */

/* Begin XCConfigurationList section */
		D21633282B7C7F66002529D6 /* Build configuration list for PBXProject "Reminders" */ = {
			isa = XCConfigurationList;
			buildConfigurations = (
				D216333F2B7C7F68002529D6 /* Debug */,
				D21633402B7C7F68002529D6 /* Release */,
			);
			defaultConfigurationIsVisible = 0;
			defaultConfigurationName = Release;
		};
		D21633412B7C7F68002529D6 /* Build configuration list for PBXNativeTarget "Reminders" */ = {
			isa = XCConfigurationList;
			buildConfigurations = (
				D21633422B7C7F68002529D6 /* Debug */,
				D21633432B7C7F68002529D6 /* Release */,
			);
			defaultConfigurationIsVisible = 0;
			defaultConfigurationName = Release;
		};
/* End XCConfigurationList section */

/* Begin XCRemoteSwiftPackageReference section */
		D21633502B7C8291002529D6 /* XCRemoteSwiftPackageReference "SnapKit" */ = {
			isa = XCRemoteSwiftPackageReference;
			repositoryURL = "https://github.com/SnapKit/SnapKit";
			requirement = {
				kind = upToNextMajorVersion;
				minimumVersion = 5.7.0;
			};
		};
/* End XCRemoteSwiftPackageReference section */

/* Begin XCSwiftPackageProductDependency section */
		D21633512B7C8291002529D6 /* SnapKit */ = {
			isa = XCSwiftPackageProductDependency;
			package = D21633502B7C8291002529D6 /* XCRemoteSwiftPackageReference "SnapKit" */;
			productName = SnapKit;
		};
/* End XCSwiftPackageProductDependency section */
	};
	rootObject = D21633252B7C7F66002529D6 /* Project object */;
}
